PODS:
  - Alamofire (4.9.1)
  - AlamofireImage (3.6.0):
    - Alamofire (~> 4.9)
  - GoogleMaps (3.7.0):
    - GoogleMaps/Maps (= 3.7.0)
  - GoogleMaps/Base (3.7.0)
  - GoogleMaps/Maps (3.7.0):
    - GoogleMaps/Base
  - GooglePlaces (3.7.0):
    - GoogleMaps/Base (= 3.7.0)

DEPENDENCIES:
  - AlamofireImage
  - GoogleMaps
  - GooglePlaces

SPEC REPOS:
  trunk:
    - Alamofire
    - AlamofireImage
    - GoogleMaps
    - GooglePlaces

SPEC CHECKSUMS:
  Alamofire: 85e8a02c69d6020a0d734f6054870d7ecb75cf18
  AlamofireImage: be9963c6582d68b39e89191f64c82a7d7bf40fdd
  GoogleMaps: 55da829c68aa931f3ae982b9e341cc2f3d89c587
  GooglePlaces: a62077320f9d64239245af63aa1aa136393ebeb6

PODFILE CHECKSUM: 2497b5b549884ef9f70788b7923dc6ed6251edbc

COCOAPODS: 1.8.4
